8f0ebf4532b8958c52a08f541f9f87d6e65c5c020cabd5bb1b1f0edc88c51e6c8fca9b4538b6dbcb57cdebfab3b60a943491d8cc1a1d3d94b754c6413d0b691cd2f217beb52fb18e2e1134ab7100bd92ce79f6b6717370cfe675e518b4f6c6aff2aaa470586a03a9d68c42c4e247dcdf419e5f7c490fb8a78c67e7c34c6c399c6c135f9e1bb859edcabc51f596213997d56b9ab98081b8d8c9c759740b50db88442fd59172769873664d7ac26417b361d8023e2579e926029ea59474e37739f7166fc6fed4f6b3bd068ce98441b6d1700ab2dace4ced14ea